<?xml version="1.0" encoding="utf-8"?>
<Project ToolsVersion="4.0" xmlns="http://schemas.microsoft.com/developer/msbuild/2003">
  <ItemGroup>
    <Filter Include="소스 파일">
      <UniqueIdentifier>{4FC737F1-C7A5-4376-A066-2A32D752A2FF}</UniqueIdentifier>
      <Extensions>cpp;c;cc;cxx;c++;cppm;ixx;def;odl;idl;hpj;bat;asm;asmx</Extensions>
    </Filter>
    <Filter Include="헤더 파일">
      <UniqueIdentifier>{93995380-89BD-4b04-88EB-625FBE52EBFB}</UniqueIdentifier>
      <Extensions>h;hh;hpp;hxx;h++;hm;inl;inc;ipp;xsd</Extensions>
    </Filter>
    <Filter Include="리소스 파일">
      <UniqueIdentifier>{67DA6AB6-F800-4c08-8B7A-83BB121AAD01}</UniqueIdentifier>
      <Extensions>rc;ico;cur;bmp;dlg;rc2;rct;bin;rgs;gif;jpg;jpeg;jpe;resx;tiff;tif;png;wav;mfcribbon-ms</Extensions>
    </Filter>
  </ItemGroup>
  <ItemGroup>
    <ClInclude Include="stdafx.hpp">
      <Filter>헤더 파일</Filter>
    </ClInclude>
    <ClInclude Include="pch.hpp">
      <Filter>헤더 파일</Filter>
    </ClInclude>
    <ClInclude Include="Attribute.hpp">
      <Filter>헤더 파일</Filter>
    </ClInclude>
    <ClInclude Include="Blobs.hpp">
      <Filter>헤더 파일</Filter>
    </ClInclude>
    <ClInclude Include="OpenGL.hpp">
      <Filter>헤더 파일</Filter>
    </ClInclude>
    <ClInclude Include="Pipeline.hpp">
      <Filter>헤더 파일</Filter>
    </ClInclude>
    <ClInclude Include="Prototypes.hpp">
      <Filter>헤더 파일</Filter>
    </ClInclude>
    <ClInclude Include="Shader.hpp">
      <Filter>헤더 파일</Filter>
    </ClInclude>
    <ClInclude Include="Uniform.hpp">
      <Filter>헤더 파일</Filter>
    </ClInclude>
    <ClInclude Include="Utils.hpp">
      <Filter>헤더 파일</Filter>
    </ClInclude>
    <ClInclude Include="VertexStream.hpp">
      <Filter>헤더 파일</Filter>
    </ClInclude>
    <ClInclude Include="Collider.hpp">
      <Filter>헤더 파일</Filter>
    </ClInclude>
    <ClInclude Include="RectangleCollider.hpp">
      <Filter>헤더 파일</Filter>
    </ClInclude>
    <ClInclude Include="BlobUtils.hpp">
      <Filter>헤더 파일</Filter>
    </ClInclude>
    <ClInclude Include="BasicBlobs.hpp">
      <Filter>헤더 파일</Filter>
    </ClInclude>
  </ItemGroup>
  <ItemGroup>
    <ClCompile Include="IconerLibrary.cpp">
      <Filter>소스 파일</Filter>
    </ClCompile>
    <ClCompile Include="pch.cpp">
      <Filter>소스 파일</Filter>
    </ClCompile>
    <ClCompile Include="Attribute.cpp">
      <Filter>소스 파일</Filter>
    </ClCompile>
    <ClCompile Include="Blobs.cpp">
      <Filter>소스 파일</Filter>
    </ClCompile>
    <ClCompile Include="OpenGL.cpp">
      <Filter>소스 파일</Filter>
    </ClCompile>
    <ClCompile Include="Pipeline.cpp">
      <Filter>소스 파일</Filter>
    </ClCompile>
    <ClCompile Include="Prototypes.cpp">
      <Filter>소스 파일</Filter>
    </ClCompile>
    <ClCompile Include="Shader.cpp">
      <Filter>소스 파일</Filter>
    </ClCompile>
    <ClCompile Include="Uniform.cpp">
      <Filter>소스 파일</Filter>
    </ClCompile>
    <ClCompile Include="Utils.cpp">
      <Filter>소스 파일</Filter>
    </ClCompile>
    <ClCompile Include="VertexStream.cpp">
      <Filter>소스 파일</Filter>
    </ClCompile>
    <ClCompile Include="Collider.cpp">
      <Filter>소스 파일</Filter>
    </ClCompile>
    <ClCompile Include="RectangleCollider.cpp">
      <Filter>소스 파일</Filter>
    </ClCompile>
    <ClCompile Include="BlobUtils.cpp">
      <Filter>소스 파일</Filter>
    </ClCompile>
    <ClCompile Include="BasicBlobs.cpp">
      <Filter>소스 파일</Filter>
    </ClCompile>
  </ItemGroup>
  <ItemGroup>
    <None Include="packages.config" />
    <None Include="..\OpenGL Practice 11\OpenGL Practice 11.vcxproj" />
  </ItemGroup>
</Project>